
Microsoft Visual Studio Solution File, Format Version 12.00
# Visual Studio Version 17
VisualStudioVersion = 17.12.35527.113
MinimumVisualStudioVersion = 10.0.40219.1
Project("{FAE04EC0-301F-11D3-BF4B-00C04F79EFBC}") = "Calender", "Calender\Calender.csproj", "{4A416898-C6AB-47B8-8D86-5E311F7FE5A2}"
EndProject
Project("{FAE04EC0-301F-11D3-BF4B-00C04F79EFBC}") = "CalenderTest", "CalenderTest\CalenderTest.csproj", "{5E514AC8-318C-419D-B084-FC1689E33D47}"
EndProject
Project("{FAE04EC0-301F-11D3-BF4B-00C04F79EFBC}") = "Client", "Client\Client.csproj", "{214B1773-954A-4BEE-B7A4-23D2C52AFDE4}"
EndProject
Global
	GlobalSection(SolutionConfigurationPlatforms) = preSolution
		Debug|Any CPU = Debug|Any CPU
		Release|Any CPU = Release|Any CPU
	EndGlobalSection
	GlobalSection(ProjectConfigurationPlatforms) = postSolution
		{4A416898-C6AB-47B8-8D86-5E311F7FE5A2}.Debug|Any CPU.ActiveCfg = Debug|Any CPU
		{4A416898-C6AB-47B8-8D86-5E311F7FE5A2}.Debug|Any CPU.Build.0 = Debug|Any CPU
		{4A416898-C6AB-47B8-8D86-5E311F7FE5A2}.Release|Any CPU.ActiveCfg = Release|Any CPU
		{4A416898-C6AB-47B8-8D86-5E311F7FE5A2}.Release|Any CPU.Build.0 = Release|Any CPU
		{5E514AC8-318C-419D-B084-FC1689E33D47}.Debug|Any CPU.ActiveCfg = Debug|Any CPU
		{5E514AC8-318C-419D-B084-FC1689E33D47}.Debug|Any CPU.Build.0 = Debug|Any CPU
		{5E514AC8-318C-419D-B084-FC1689E33D47}.Release|Any CPU.ActiveCfg = Release|Any CPU
		{5E514AC8-318C-419D-B084-FC1689E33D47}.Release|Any CPU.Build.0 = Release|Any CPU
		{214B1773-954A-4BEE-B7A4-23D2C52AFDE4}.Debug|Any CPU.ActiveCfg = Debug|Any CPU
		{214B1773-954A-4BEE-B7A4-23D2C52AFDE4}.Debug|Any CPU.Build.0 = Debug|Any CPU
		{214B1773-954A-4BEE-B7A4-23D2C52AFDE4}.Release|Any CPU.ActiveCfg = Release|Any CPU
		{214B1773-954A-4BEE-B7A4-23D2C52AFDE4}.Release|Any CPU.Build.0 = Release|Any CPU
	EndGlobalSection
	GlobalSection(SolutionProperties) = preSolution
		HideSolutionNode = FALSE
	EndGlobalSection
EndGlobal
